{
  "version": 4,
  "terraform_version": "1.2.6",
  "serial": 1,
  "lineage": "09c8726d-abdb-7f6f-febe-40f2f4544cbd",
  "outputs": {},
  "resources": [
    {
      "mode": "managed",
      "type": "local_file",
      "name": "local_sample",
      "provider": "provider[\"registry.terraform.io/hashicorp/local\"]",
      "instances": [
        {
          "schema_version": 0,
          "attributes": {
            "content": "use local values.",
            "content_base64": null,
            "directory_permission": "0777",
            "file_permission": "0777",
            "filename": "hello_local.txt",
            "id": "cc85e7983455c7cc4a7d656d95f9d2172c666542",
            "sensitive_content": null,
            "source": null
          },
          "sensitive_attributes": [],
          "private": "bnVsbA=="
        }
      ]
    }
  ]
}
